
Microsoft Visual Studio Solution File, Format Version 12.00
# Visual Studio 2012
Project("{FAE04EC0-301F-11D3-BF4B-00C04F79EFBC}") = "Drop", "DropList\Drop.csproj", "{35155FA1-3C76-4AF7-AF34-D314C59B1DB1}"
EndProject
Global
	GlobalSection(SolutionConfigurationPlatforms) = preSolution
		Debug|Any CPU = Debug|Any CPU
		Release|Any CPU = Release|Any CPU
	EndGlobalSection
	GlobalSection(ProjectConfigurationPlatforms) = postSolution
		{35155FA1-3C76-4AF7-AF34-D314C59B1DB1}.Debug|Any CPU.ActiveCfg = Debug|Any CPU
		{35155FA1-3C76-4AF7-AF34-D314C59B1DB1}.Debug|Any CPU.Build.0 = Debug|Any CPU
		{35155FA1-3C76-4AF7-AF34-D314C59B1DB1}.Release|Any CPU.ActiveCfg = Release|Any CPU
		{35155FA1-3C76-4AF7-AF34-D314C59B1DB1}.Release|Any CPU.Build.0 = Release|Any CPU
	EndGlobalSection
	GlobalSection(SolutionProperties) = preSolution
		HideSolutionNode = FALSE
	EndGlobalSection
EndGlobal
